
Microsoft Visual Studio Solution File, Format Version 12.00
# Visual Studio Version 16
VisualStudioVersion = 16.0.30804.86
MinimumVisualStudioVersion = 10.0.40219.1
Project("{2150E333-8FDC-42A3-9474-1A3956D46DE8}") = "Source", "Source", "{6D1E32CB-A5E8-420D-ACC3-1B1447608FC5}"
EndProject
Project("{FAE04EC0-301F-11D3-BF4B-00C04F79EFBC}") = "BusinessRules.Core", "..\BusinessRules.Core\BusinessRules.Core.csproj", "{D7D6BF79-7E8E-430C-992F-679386FF423F}"
EndProject
Project("{FAE04EC0-301F-11D3-BF4B-00C04F79EFBC}") = "BusinessRules.Console", "..\BusinessRules.Console\BusinessRules.Console.csproj", "{4B731D20-5DB5-4494-9DFB-6E988A1447A6}"
EndProject
Project("{FAE04EC0-301F-11D3-BF4B-00C04F79EFBC}") = "BusinessRules.Test", "..\BusinessRules.Test\BusinessRules.Test.csproj", "{11A2C01E-3130-448D-B85A-39E8A1C67B0B}"
EndProject
Global
	GlobalSection(SolutionConfigurationPlatforms) = preSolution
		Debug|Any CPU = Debug|Any CPU
		Release|Any CPU = Release|Any CPU
	EndGlobalSection
	GlobalSection(ProjectConfigurationPlatforms) = postSolution
		{D7D6BF79-7E8E-430C-992F-679386FF423F}.Debug|Any CPU.ActiveCfg = Debug|Any CPU
		{D7D6BF79-7E8E-430C-992F-679386FF423F}.Debug|Any CPU.Build.0 = Debug|Any CPU
		{D7D6BF79-7E8E-430C-992F-679386FF423F}.Release|Any CPU.ActiveCfg = Release|Any CPU
		{D7D6BF79-7E8E-430C-992F-679386FF423F}.Release|Any CPU.Build.0 = Release|Any CPU
		{4B731D20-5DB5-4494-9DFB-6E988A1447A6}.Debug|Any CPU.ActiveCfg = Debug|Any CPU
		{4B731D20-5DB5-4494-9DFB-6E988A1447A6}.Debug|Any CPU.Build.0 = Debug|Any CPU
		{4B731D20-5DB5-4494-9DFB-6E988A1447A6}.Release|Any CPU.ActiveCfg = Release|Any CPU
		{4B731D20-5DB5-4494-9DFB-6E988A1447A6}.Release|Any CPU.Build.0 = Release|Any CPU
		{11A2C01E-3130-448D-B85A-39E8A1C67B0B}.Debug|Any CPU.ActiveCfg = Debug|Any CPU
		{11A2C01E-3130-448D-B85A-39E8A1C67B0B}.Debug|Any CPU.Build.0 = Debug|Any CPU
		{11A2C01E-3130-448D-B85A-39E8A1C67B0B}.Release|Any CPU.ActiveCfg = Release|Any CPU
		{11A2C01E-3130-448D-B85A-39E8A1C67B0B}.Release|Any CPU.Build.0 = Release|Any CPU
	EndGlobalSection
	GlobalSection(SolutionProperties) = preSolution
		HideSolutionNode = FALSE
	EndGlobalSection
	GlobalSection(NestedProjects) = preSolution
		{D7D6BF79-7E8E-430C-992F-679386FF423F} = {6D1E32CB-A5E8-420D-ACC3-1B1447608FC5}
	EndGlobalSection
	GlobalSection(ExtensibilityGlobals) = postSolution
		SolutionGuid = {AD501A34-A564-4A79-A78D-C857409F6121}
	EndGlobalSection
EndGlobal
